// !$*UTF8*$!
{
	archiveVersion = 1;
	classes = {
	};
	objectVersion = 46;
	objects = {

/* Begin PBXBuildFile section */
		83E77DB51C68199B00F19E83 /* AppDelegate.swift in Sources */ = {isa = PBXBuildFile; fileRef = 83E77DB41C68199B00F19E83 /* AppDelegate.swift */; };
		83E77DB71C68199B00F19E83 /* ViewController.swift in Sources */ = {isa = PBXBuildFile; fileRef = 83E77DB61C68199B00F19E83 /* ViewController.swift */; };
		83E77DBA1C68199B00F19E83 /* Main.storyboard in Resources */ = {isa = PBXBuildFile; fileRef = 83E77DB81C68199B00F19E83 /* Main.storyboard */; };
		83E77DBC1C68199B00F19E83 /* Assets.xcassets in Resources */ = {isa = PBXBuildFile; fileRef = 83E77DBB1C68199B00F19E83 /* Assets.xcassets */; };
		83E77DBF1C68199C00F19E83 /* LaunchScreen.storyboard in Resources */ = {isa = PBXBuildFile; fileRef = 83E77DBD1C68199C00F19E83 /* LaunchScreen.storyboard */; };
/* End PBXBuildFile section */

/* Begin PBXFileReference section */
		83E77DB11C68199B00F19E83 /* myCalc.app */ = {isa = PBXFileReference; explicitFileType = wrapper.application; includeInIndex = 0; path = myCalc.app; sourceTree = BUILT_PRODUCTS_DIR; };
		83E77DB41C68199B00F19E83 /* AppDelegate.swift */ = {isa = PBXFileReference; lastKnownFileType = sourcecode.swift; path = AppDelegate.swift; sourceTree = "<group>"; };
		83E77DB61C68199B00F19E83 /* ViewController.swift */ = {isa = PBXFileReference; lastKnownFileType = sourcecode.swift; path = ViewController.swift; sourceTree = "<group>"; };
		83E77DB91C68199B00F19E83 /* Base */ = {isa = PBXFileReference; lastKnownFileType = file.storyboard; name = Base; path = Base.lproj/Main.storyboard; sourceTree = "<group>"; };
		83E77DBB1C68199B00F19E83 /* Assets.xcassets */ = {isa = PBXFileReference; lastKnownFileType = folder.assetcatalog; path = Assets.xcassets; sourceTree = "<group>"; };
		83E77DBE1C68199C00F19E83 /* Base */ = {isa = PBXFileReference; lastKnownFileType = file.storyboard; name = Base; path = Base.lproj/LaunchScreen.storyboard; sourceTree = "<group>"; };
		83E77DC01C68199C00F19E83 /* Info.plist */ = {isa = PBXFileReference; lastKnownFileType = text.plist.xml; path = Info.plist; sourceTree = "<group>"; };
/* End PBXFileReference section */

/* Begin PBXFrameworksBuildPhase section */
		83E77DAE1C68199B00F19E83 /* Frameworks */ = {
			isa = PBXFrameworksBuildPhase;
			buildActionMask = 2147483647;
			files = (
			);
			runOnlyForDeploymentPostprocessing = 0;
		};
/* End PBXFrameworksBuildPhase section */

/* Begin PBXGroup section */
		83E77DA81C68199A00F19E83 = {
			isa = PBXGroup;
			children = (
				83E77DB31C68199B00F19E83 /* myCalc */,
				83E77DB21C68199B00F19E83 /* Products */,
			);
			sourceTree = "<group>";
		};
		83E77DB21C68199B00F19E83 /* Products */ = {
			isa = PBXGroup;
			children = (
				83E77DB11C68199B00F19E83 /* myCalc.app */,
			);
			name = Products;
			sourceTree = "<group>";
		};
		83E77DB31C68199B00F19E83 /* myCalc */ = {
			isa = PBXGroup;
			children = (
				83E77DB41C68199B00F19E83 /* AppDelegate.swift */,
				83E77DB61C68199B00F19E83 /* ViewController.swift */,
				83E77DB81C68199B00F19E83 /* Main.storyboard */,
				83E77DBB1C68199B00F19E83 /* Assets.xcassets */,
				83E77DBD1C68199C00F19E83 /* LaunchScreen.storyboard */,
				83E77DC01C68199C00F19E83 /* Info.plist */,
			);
			path = myCalc;
			sourceTree = "<group>";
		};
/* End PBXGroup section */

/* Begin PBXNativeTarget section */
		83E77DB01C68199B00F19E83 /* myCalc */ = {
			isa = PBXNativeTarget;
			buildConfigurationList = 83E77DC31C68199C00F19E83 /* Build configuration list for PBXNativeTarget "myCalc" */;
			buildPhases = (
				83E77DAD1C68199B00F19E83 /* Sources */,
				83E77DAE1C68199B00F19E83 /* Frameworks */,
				83E77DAF1C68199B00F19E83 /* Resources */,
			);
			buildRules = (
			);
			dependencies = (
			);
			name = myCalc;
			productName = myCalc;
			productReference = 83E77DB11C68199B00F19E83 /* myCalc.app */;
			productType = "com.apple.product-type.application";
		};
/* End PBXNativeTarget section */

/* Begin PBXProject section */
		83E77DA91C68199A00F19E83 /* Project object */ = {
			isa = PBXProject;
			attributes = {
				LastUpgradeCheck = 0700;
				ORGANIZATIONNAME = MqxError;
				TargetAttributes = {
					83E77DB01C68199B00F19E83 = {
						CreatedOnToolsVersion = 7.0;
						DevelopmentTeam = 5T5A85DPR5;
					};
				};
			};
			buildConfigurationList = 83E77DAC1C68199A00F19E83 /* Build configuration list for PBXProject "myCalc" */;
			compatibilityVersion = "Xcode 3.2";
			developmentRegion = English;
			hasScannedForEncodings = 0;
			knownRegions = (
				en,
				Base,
			);
			mainGroup = 83E77DA81C68199A00F19E83;
			productRefGroup = 83E77DB21C68199B00F19E83 /* Products */;
			projectDirPath = "";
			projectRoot = "";
			targets = (
				83E77DB01C68199B00F19E83 /* myCalc */,
			);
		};
/* End PBXProject section */

/* Begin PBXResourcesBuildPhase section */
		83E77DAF1C68199B00F19E83 /* Resources */ = {
			isa = PBXResourcesBuildPhase;
			buildActionMask = 2147483647;
			files = (
				83E77DBF1C68199C00F19E83 /* LaunchScreen.storyboard in Resources */,
				83E77DBC1C68199B00F19E83 /* Assets.xcassets in Resources */,
				83E77DBA1C68199B00F19E83 /* Main.storyboard in Resources */,
			);
			runOnlyForDeploymentPostprocessing = 0;
		};
/* End PBXResourcesBuildPhase section */

/* Begin PBXSourcesBuildPhase section */
		83E77DAD1C68199B00F19E83 /* Sources */ = {
			isa = PBXSourcesBuildPhase;
			buildActionMask = 2147483647;
			files = (
				83E77DB71C68199B00F19E83 /* ViewController.swift in Sources */,
				83E77DB51C68199B00F19E83 /* AppDelegate.swift in Sources */,
			);
			runOnlyForDeploymentPostprocessing = 0;
		};
/* End PBXSourcesBuildPhase section */

/* Begin PBXVariantGroup section */
		83E77DB81C68199B00F19E83 /* Main.storyboard */ = {
			isa = PBXVariantGroup;
			children = (
				83E77DB91C68199B00F19E83 /* Base */,
			);
			name = Main.storyboard;
			sourceTree = "<group>";
		};
		83E77DBD1C68199C00F19E83 /* LaunchScreen.storyboard */ = {
			isa = PBXVariantGroup;
			children = (
				83E77DBE1C68199C00F19E83 /* Base */,
			);
			name = LaunchScreen.storyboard;
			sourceTree = "<group>";
		};
/* End PBXVariantGroup section */

/* Begin XCBuildConfiguration section */
		83E77DC11C68199C00F19E83 /* Debug */ = {
			isa = XCBuildConfiguration;
			buildSettings = {
				ALWAYS_SEARCH_USER_PATHS = NO;
				CLANG_CXX_LANGUAGE_STANDARD = "gnu++0x";
				CLANG_CXX_LIBRARY = "libc++";
				CLANG_ENABLE_MODULES = YES;
				CLANG_ENABLE_OBJC_ARC = YES;
				CLANG_WARN_BOOL_CONVERSION = YES;
				CLANG_WARN_CONSTANT_CONVERSION = YES;
				CLANG_WARN_DIRECT_OBJC_ISA_USAGE = YES_ERROR;
				CLANG_WARN_EMPTY_BODY = YES;
				CLANG_WARN_ENUM_CONVERSION = YES;
				CLANG_WARN_INT_CONVERSION = YES;
				CLANG_WARN_OBJC_ROOT_CLASS = YES_ERROR;
				CLANG_WARN_UNREACHABLE_CODE = YES;
				CLANG_WARN__DUPLICATE_METHOD_MATCH = YES;
				"CODE_SIGN_IDENTITY[sdk=iphoneos*]" = "iPhone Developer";
				COPY_PHASE_STRIP = NO;
				DEBUG_INFORMATION_FORMAT = dwarf;
				ENABLE_STRICT_OBJC_MSGSEND = YES;
				ENABLE_TESTABILITY = YES;
				GCC_C_LANGUAGE_STANDARD = gnu99;
				GCC_DYNAMIC_NO_PIC = NO;
				GCC_NO_COMMON_BLOCKS = YES;
				GCC_OPTIMIZATION_LEVEL = 0;
				GCC_PREPROCESSOR_DEFINITIONS = (
					"DEBUG=1",
					"$(inherited)",
				);
				GCC_WARN_64_TO_32_BIT_CONVERSION = YES;
				GCC_WARN_ABOUT_RETURN_TYPE = YES_ERROR;
				GCC_WARN_UNDECLARED_SELECTOR = YES;
				GCC_WARN_UNINITIALIZED_AUTOS = YES_AGGRESSIVE;
				GCC_WARN_UNUSED_FUNCTION = YES;
				GCC_WARN_UNUSED_VARIABLE = YES;
				IPHONEOS_DEPLOYMENT_TARGET = 9.0;
				MTL_ENABLE_DEBUG_INFO = YES;
				ONLY_ACTIVE_ARCH = YES;
				SDKROOT = iphoneos;
				SWIFT_OPTIMIZATION_LEVEL = "-Onone";
				TARGETED_DEVICE_FAMILY = "1,2";
			};
			name = Debug;
		};
		83E77DC21C68199C00F19E83 /* Release */ = {
			isa = XCBuildConfiguration;
			buildSettings = {
				ALWAYS_SEARCH_USER_PATHS = NO;
				CLANG_CXX_LANGUAGE_STANDARD = "gnu++0x";
				CLANG_CXX_LIBRARY = "libc++";
				CLANG_ENABLE_MODULES = YES;
				CLANG_ENABLE_OBJC_ARC = YES;
				CLANG_WARN_BOOL_CONVERSION = YES;
				CLANG_WARN_CONSTANT_CONVERSION = YES;
				CLANG_WARN_DIRECT_OBJC_ISA_USAGE = YES_ERROR;
				CLANG_WARN_EMPTY_BODY = YES;
				CLANG_WARN_ENUM_CONVERSION = YES;
				CLANG_WARN_INT_CONVERSION = YES;
				CLANG_WARN_OBJC_ROOT_CLASS = YES_ERROR;
				CLANG_WARN_UNREACHABLE_CODE = YES;
				CLANG_WARN__DUPLICATE_METHOD_MATCH = YES;
				"CODE_SIGN_IDENTITY[sdk=iphoneos*]" = "iPhone Developer";
				COPY_PHASE_STRIP = NO;
				DEBUG_INFORMATION_FORMAT = "dwarf-with-dsym";
				ENABLE_NS_ASSERTIONS = NO;
				ENABLE_STRICT_OBJC_MSGSEND = YES;
				GCC_C_LANGUAGE_STANDARD = gnu99;
				GCC_NO_COMMON_BLOCKS = YES;
				GCC_WARN_64_TO_32_BIT_CONVERSION = YES;
				GCC_WARN_ABOUT_RETURN_TYPE = YES_ERROR;
				GCC_WARN_UNDECLARED_SELECTOR = YES;
				GCC_WARN_UNINITIALIZED_AUTOS = YES_AGGRESSIVE;
				GCC_WARN_UNUSED_FUNCTION = YES;
				GCC_WARN_UNUSED_VARIABLE = YES;
				IPHONEOS_DEPLOYMENT_TARGET = 9.0;
				MTL_ENABLE_DEBUG_INFO = NO;
				SDKROOT = iphoneos;
				TARGETED_DEVICE_FAMILY = "1,2";
				VALIDATE_PRODUCT = YES;
			};
			name = Release;
		};
		83E77DC41C68199C00F19E83 /* Debug */ = {
			isa = XCBuildConfiguration;
			buildSettings = {
				ASSETCATALOG_COMPILER_APPICON_NAME = AppIcon;
				INFOPLIST_FILE = myCalc/Info.plist;
				LD_RUNPATH_SEARCH_PATHS = "$(inherited) @executable_path/Frameworks";
				PRODUCT_BUNDLE_IDENTIFIER = com.mqxerror.com.myCalc;
				PRODUCT_NAME = "$(TARGET_NAME)";
			};
			name = Debug;
		};
		83E77DC51C68199C00F19E83 /* Release */ = {
			isa = XCBuildConfiguration;
			buildSettings = {
				ASSETCATALOG_COMPILER_APPICON_NAME = AppIcon;
				INFOPLIST_FILE = myCalc/Info.plist;
				LD_RUNPATH_SEARCH_PATHS = "$(inherited) @executable_path/Frameworks";
				PRODUCT_BUNDLE_IDENTIFIER = com.mqxerror.com.myCalc;
				PRODUCT_NAME = "$(TARGET_NAME)";
			};
			name = Release;
		};
/* End XCBuildConfiguration section */

/* Begin XCConfigurationList section */
		83E77DAC1C68199A00F19E83 /* Build configuration list for PBXProject "myCalc" */ = {
			isa = XCConfigurationList;
			buildConfigurations = (
				83E77DC11C68199C00F19E83 /* Debug */,
				83E77DC21C68199C00F19E83 /* Release */,
			);
			defaultConfigurationIsVisible = 0;
			defaultConfigurationName = Release;
		};
		83E77DC31C68199C00F19E83 /* Build configuration list for PBXNativeTarget "myCalc" */ = {
			isa = XCConfigurationList;
			buildConfigurations = (
				83E77DC41C68199C00F19E83 /* Debug */,
				83E77DC51C68199C00F19E83 /* Release */,
			);
			defaultConfigurationIsVisible = 0;
		};
/* End XCConfigurationList section */
	};
	rootObject = 83E77DA91C68199A00F19E83 /* Project object */;
}
